
Microsoft Visual Studio Solution File, Format Version 12.00
# Visual Studio Version 17
VisualStudioVersion = 17.2.32630.192
MinimumVisualStudioVersion = 10.0.40219.1
Project("{FAE04EC0-301F-11D3-BF4B-00C04F79EFBC}") = "POSebda3", "POSebda3.csproj", "{D80C2D5C-85F9-4547-8B01-79ADDA66F412}"
EndProject
Global
	GlobalSection(SolutionConfigurationPlatforms) = preSolution
		Debug|Any CPU = Debug|Any CPU
		Release|Any CPU = Release|Any CPU
	EndGlobalSection
	GlobalSection(ProjectConfigurationPlatforms) = postSolution
		{D80C2D5C-85F9-4547-8B01-79ADDA66F412}.Debug|Any CPU.ActiveCfg = Debug|Any CPU
		{D80C2D5C-85F9-4547-8B01-79ADDA66F412}.Debug|Any CPU.Build.0 = Debug|Any CPU
		{D80C2D5C-85F9-4547-8B01-79ADDA66F412}.Release|Any CPU.ActiveCfg = Release|Any CPU
		{D80C2D5C-85F9-4547-8B01-79ADDA66F412}.Release|Any CPU.Build.0 = Release|Any CPU
	EndGlobalSection
	GlobalSection(SolutionProperties) = preSolution
		HideSolutionNode = FALSE
	EndGlobalSection
	GlobalSection(ExtensibilityGlobals) = postSolution
		SolutionGuid = {44472FE9-70A9-453E-BA5C-ED68A57BE5A3}
	EndGlobalSection
EndGlobal
